// !$*UTF8*$!
{
	archiveVersion = 1;
	classes = {
	};
	objectVersion = 50;
	objects = {

/* Begin PBXBuildFile section */
		832BAE3825D67901007C9441 /* AnimalView.swift in Sources */ = {isa = PBXBuildFile; fileRef = 832BAE3725D67900007C9441 /* AnimalView.swift */; };
		83CE1FD425D4D56500CA57A8 /* WildSoundsApp.swift in Sources */ = {isa = PBXBuildFile; fileRef = 83CE1FD325D4D56500CA57A8 /* WildSoundsApp.swift */; };
		83CE1FD825D4D56700CA57A8 /* Assets.xcassets in Resources */ = {isa = PBXBuildFile; fileRef = 83CE1FD725D4D56700CA57A8 /* Assets.xcassets */; };
		83CE1FDB25D4D56700CA57A8 /* Preview Assets.xcassets in Resources */ = {isa = PBXBuildFile; fileRef = 83CE1FDA25D4D56700CA57A8 /* Preview Assets.xcassets */; };
		83CE1FE425D4D58400CA57A8 /* HomeView.swift in Sources */ = {isa = PBXBuildFile; fileRef = 83CE1FE325D4D58400CA57A8 /* HomeView.swift */; };
		83EAC23225D5D23C00A34164 /* SoundView.swift in Sources */ = {isa = PBXBuildFile; fileRef = 83EAC23125D5D23C00A34164 /* SoundView.swift */; };
/* End PBXBuildFile section */

/* Begin PBXFileReference section */
		832BAE3725D67900007C9441 /* AnimalView.swift */ = {isa = PBXFileReference; lastKnownFileType = sourcecode.swift; path = AnimalView.swift; sourceTree = "<group>"; };
		83CE1FD025D4D56500CA57A8 /* WildSounds.app */ = {isa = PBXFileReference; explicitFileType = wrapper.application; includeInIndex = 0; path = WildSounds.app; sourceTree = BUILT_PRODUCTS_DIR; };
		83CE1FD325D4D56500CA57A8 /* WildSoundsApp.swift */ = {isa = PBXFileReference; lastKnownFileType = sourcecode.swift; path = WildSoundsApp.swift; sourceTree = "<group>"; };
		83CE1FD725D4D56700CA57A8 /* Assets.xcassets */ = {isa = PBXFileReference; lastKnownFileType = folder.assetcatalog; path = Assets.xcassets; sourceTree = "<group>"; };
		83CE1FDA25D4D56700CA57A8 /* Preview Assets.xcassets */ = {isa = PBXFileReference; lastKnownFileType = folder.assetcatalog; path = "Preview Assets.xcassets"; sourceTree = "<group>"; };
		83CE1FDC25D4D56700CA57A8 /* Info.plist */ = {isa = PBXFileReference; lastKnownFileType = text.plist.xml; path = Info.plist; sourceTree = "<group>"; };
		83CE1FE325D4D58400CA57A8 /* HomeView.swift */ = {isa = PBXFileReference; lastKnownFileType = sourcecode.swift; path = HomeView.swift; sourceTree = "<group>"; };
		83EAC23125D5D23C00A34164 /* SoundView.swift */ = {isa = PBXFileReference; lastKnownFileType = sourcecode.swift; path = SoundView.swift; sourceTree = "<group>"; };
/* End PBXFileReference section */

/* Begin PBXFrameworksBuildPhase section */
		83CE1FCD25D4D56500CA57A8 /* Frameworks */ = {
			isa = PBXFrameworksBuildPhase;
			buildActionMask = 2147483647;
			files = (
			);
			runOnlyForDeploymentPostprocessing = 0;
		};
/* End PBXFrameworksBuildPhase section */

/* Begin PBXGroup section */
		832BAE3A25D67A00007C9441 /* View */ = {
			isa = PBXGroup;
			children = (
				832BAE3725D67900007C9441 /* AnimalView.swift */,
			);
			path = View;
			sourceTree = "<group>";
		};
		83AF5A0925D64351001B51D4 /* Screens */ = {
			isa = PBXGroup;
			children = (
				83AF5A0C25D64381001B51D4 /* SoundView */,
				83AF5A0B25D64372001B51D4 /* HomeView */,
			);
			path = Screens;
			sourceTree = "<group>";
		};
		83AF5A0B25D64372001B51D4 /* HomeView */ = {
			isa = PBXGroup;
			children = (
				83CE1FE325D4D58400CA57A8 /* HomeView.swift */,
			);
			path = HomeView;
			sourceTree = "<group>";
		};
		83AF5A0C25D64381001B51D4 /* SoundView */ = {
			isa = PBXGroup;
			children = (
				83EAC23125D5D23C00A34164 /* SoundView.swift */,
			);
			path = SoundView;
			sourceTree = "<group>";
		};
		83AF5A0D25D643B3001B51D4 /* Models */ = {
			isa = PBXGroup;
			children = (
			);
			path = Models;
			sourceTree = "<group>";
		};
		83AF5A0E25D643D4001B51D4 /* Views */ = {
			isa = PBXGroup;
			children = (
				832BAE3A25D67A00007C9441 /* View */,
			);
			path = Views;
			sourceTree = "<group>";
		};
		83AF5A0F25D64425001B51D4 /* UIKit Components */ = {
			isa = PBXGroup;
			children = (
			);
			path = "UIKit Components";
			sourceTree = "<group>";
		};
		83CE1FC725D4D56400CA57A8 = {
			isa = PBXGroup;
			children = (
				83CE1FD225D4D56500CA57A8 /* WildSounds */,
				83CE1FD125D4D56500CA57A8 /* Products */,
			);
			sourceTree = "<group>";
		};
		83CE1FD125D4D56500CA57A8 /* Products */ = {
			isa = PBXGroup;
			children = (
				83CE1FD025D4D56500CA57A8 /* WildSounds.app */,
			);
			name = Products;
			sourceTree = "<group>";
		};
		83CE1FD225D4D56500CA57A8 /* WildSounds */ = {
			isa = PBXGroup;
			children = (
				83AF5A0F25D64425001B51D4 /* UIKit Components */,
				83AF5A0D25D643B3001B51D4 /* Models */,
				83AF5A0E25D643D4001B51D4 /* Views */,
				83AF5A0925D64351001B51D4 /* Screens */,
				83CE1FD325D4D56500CA57A8 /* WildSoundsApp.swift */,
				83CE1FD725D4D56700CA57A8 /* Assets.xcassets */,
				83CE1FDC25D4D56700CA57A8 /* Info.plist */,
				83CE1FD925D4D56700CA57A8 /* Preview Content */,
			);
			path = WildSounds;
			sourceTree = "<group>";
		};
		83CE1FD925D4D56700CA57A8 /* Preview Content */ = {
			isa = PBXGroup;
			children = (
				83CE1FDA25D4D56700CA57A8 /* Preview Assets.xcassets */,
			);
			path = "Preview Content";
			sourceTree = "<group>";
		};
/* End PBXGroup section */

/* Begin PBXNativeTarget section */
		83CE1FCF25D4D56500CA57A8 /* WildSounds */ = {
			isa = PBXNativeTarget;
			buildConfigurationList = 83CE1FDF25D4D56700CA57A8 /* Build configuration list for PBXNativeTarget "WildSounds" */;
			buildPhases = (
				83CE1FCC25D4D56500CA57A8 /* Sources */,
				83CE1FCD25D4D56500CA57A8 /* Frameworks */,
				83CE1FCE25D4D56500CA57A8 /* Resources */,
			);
			buildRules = (
			);
			dependencies = (
			);
			name = WildSounds;
			productName = WildSounds;
			productReference = 83CE1FD025D4D56500CA57A8 /* WildSounds.app */;
			productType = "com.apple.product-type.application";
		};
/* End PBXNativeTarget section */

/* Begin PBXProject section */
		83CE1FC825D4D56400CA57A8 /* Project object */ = {
			isa = PBXProject;
			attributes = {
				LastSwiftUpdateCheck = 1240;
				LastUpgradeCheck = 1240;
				ORGANIZATIONNAME = VTStudio;
				TargetAttributes = {
					83CE1FCF25D4D56500CA57A8 = {
						CreatedOnToolsVersion = 12.4;
					};
				};
			};
			buildConfigurationList = 83CE1FCB25D4D56400CA57A8 /* Build configuration list for PBXProject "WildSounds" */;
			compatibilityVersion = "Xcode 9.3";
			developmentRegion = en;
			hasScannedForEncodings = 0;
			knownRegions = (
				en,
				Base,
			);
			mainGroup = 83CE1FC725D4D56400CA57A8;
			productRefGroup = 83CE1FD125D4D56500CA57A8 /* Products */;
			projectDirPath = "";
			projectRoot = "";
			targets = (
				83CE1FCF25D4D56500CA57A8 /* WildSounds */,
			);
		};
/* End PBXProject section */

/* Begin PBXResourcesBuildPhase section */
		83CE1FCE25D4D56500CA57A8 /* Resources */ = {
			isa = PBXResourcesBuildPhase;
			buildActionMask = 2147483647;
			files = (
				83CE1FDB25D4D56700CA57A8 /* Preview Assets.xcassets in Resources */,
				83CE1FD825D4D56700CA57A8 /* Assets.xcassets in Resources */,
			);
			runOnlyForDeploymentPostprocessing = 0;
		};
/* End PBXResourcesBuildPhase section */

/* Begin PBXSourcesBuildPhase section */
		83CE1FCC25D4D56500CA57A8 /* Sources */ = {
			isa = PBXSourcesBuildPhase;
			buildActionMask = 2147483647;
			files = (
				832BAE3825D67901007C9441 /* AnimalView.swift in Sources */,
				83CE1FE425D4D58400CA57A8 /* HomeView.swift in Sources */,
				83CE1FD425D4D56500CA57A8 /* WildSoundsApp.swift in Sources */,
				83EAC23225D5D23C00A34164 /* SoundView.swift in Sources */,
			);
			runOnlyForDeploymentPostprocessing = 0;
		};
/* End PBXSourcesBuildPhase section */

/* Begin XCBuildConfiguration section */
		83CE1FDD25D4D56700CA57A8 /* Debug */ = {
			isa = XCBuildConfiguration;
			buildSettings = {
				ALWAYS_SEARCH_USER_PATHS = NO;
				CLANG_ANALYZER_NONNULL = YES;
				CLANG_ANALYZER_NUMBER_OBJECT_CONVERSION = YES_AGGRESSIVE;
				CLANG_CXX_LANGUAGE_STANDARD = "gnu++14";
				CLANG_CXX_LIBRARY = "libc++";
				CLANG_ENABLE_MODULES = YES;
				CLANG_ENABLE_OBJC_ARC = YES;
				CLANG_ENABLE_OBJC_WEAK = YES;
				CLANG_WARN_BLOCK_CAPTURE_AUTORELEASING = YES;
				CLANG_WARN_BOOL_CONVERSION = YES;
				CLANG_WARN_COMMA = YES;
				CLANG_WARN_CONSTANT_CONVERSION = YES;
				CLANG_WARN_DEPRECATED_OBJC_IMPLEMENTATIONS = YES;
				CLANG_WARN_DIRECT_OBJC_ISA_USAGE = YES_ERROR;
				CLANG_WARN_DOCUMENTATION_COMMENTS = YES;
				CLANG_WARN_EMPTY_BODY = YES;
				CLANG_WARN_ENUM_CONVERSION = YES;
				CLANG_WARN_INFINITE_RECURSION = YES;
				CLANG_WARN_INT_CONVERSION = YES;
				CLANG_WARN_NON_LITERAL_NULL_CONVERSION = YES;
				CLANG_WARN_OBJC_IMPLICIT_RETAIN_SELF = YES;
				CLANG_WARN_OBJC_LITERAL_CONVERSION = YES;
				CLANG_WARN_OBJC_ROOT_CLASS = YES_ERROR;
				CLANG_WARN_QUOTED_INCLUDE_IN_FRAMEWORK_HEADER = YES;
				CLANG_WARN_RANGE_LOOP_ANALYSIS = YES;
				CLANG_WARN_STRICT_PROTOTYPES = YES;
				CLANG_WARN_SUSPICIOUS_MOVE = YES;
				CLANG_WARN_UNGUARDED_AVAILABILITY = YES_AGGRESSIVE;
				CLANG_WARN_UNREACHABLE_CODE = YES;
				CLANG_WARN__DUPLICATE_METHOD_MATCH = YES;
				COPY_PHASE_STRIP = NO;
				DEBUG_INFORMATION_FORMAT = dwarf;
				ENABLE_STRICT_OBJC_MSGSEND = YES;
				ENABLE_TESTABILITY = YES;
				GCC_C_LANGUAGE_STANDARD = gnu11;
				GCC_DYNAMIC_NO_PIC = NO;
				GCC_NO_COMMON_BLOCKS = YES;
				GCC_OPTIMIZATION_LEVEL = 0;
				GCC_PREPROCESSOR_DEFINITIONS = (
					"DEBUG=1",
					"$(inherited)",
				);
				GCC_WARN_64_TO_32_BIT_CONVERSION = YES;
				GCC_WARN_ABOUT_RETURN_TYPE = YES_ERROR;
				GCC_WARN_UNDECLARED_SELECTOR = YES;
				GCC_WARN_UNINITIALIZED_AUTOS = YES_AGGRESSIVE;
				GCC_WARN_UNUSED_FUNCTION = YES;
				GCC_WARN_UNUSED_VARIABLE = YES;
				IPHONEOS_DEPLOYMENT_TARGET = 14.1;
				MTL_ENABLE_DEBUG_INFO = INCLUDE_SOURCE;
				MTL_FAST_MATH = YES;
				ONLY_ACTIVE_ARCH = YES;
				SDKROOT = iphoneos;
				SWIFT_ACTIVE_COMPILATION_CONDITIONS = DEBUG;
				SWIFT_OPTIMIZATION_LEVEL = "-Onone";
			};
			name = Debug;
		};
		83CE1FDE25D4D56700CA57A8 /* Release */ = {
			isa = XCBuildConfiguration;
			buildSettings = {
				ALWAYS_SEARCH_USER_PATHS = NO;
				CLANG_ANALYZER_NONNULL = YES;
				CLANG_ANALYZER_NUMBER_OBJECT_CONVERSION = YES_AGGRESSIVE;
				CLANG_CXX_LANGUAGE_STANDARD = "gnu++14";
				CLANG_CXX_LIBRARY = "libc++";
				CLANG_ENABLE_MODULES = YES;
				CLANG_ENABLE_OBJC_ARC = YES;
				CLANG_ENABLE_OBJC_WEAK = YES;
				CLANG_WARN_BLOCK_CAPTURE_AUTORELEASING = YES;
				CLANG_WARN_BOOL_CONVERSION = YES;
				CLANG_WARN_COMMA = YES;
				CLANG_WARN_CONSTANT_CONVERSION = YES;
				CLANG_WARN_DEPRECATED_OBJC_IMPLEMENTATIONS = YES;
				CLANG_WARN_DIRECT_OBJC_ISA_USAGE = YES_ERROR;
				CLANG_WARN_DOCUMENTATION_COMMENTS = YES;
				CLANG_WARN_EMPTY_BODY = YES;
				CLANG_WARN_ENUM_CONVERSION = YES;
				CLANG_WARN_INFINITE_RECURSION = YES;
				CLANG_WARN_INT_CONVERSION = YES;
				CLANG_WARN_NON_LITERAL_NULL_CONVERSION = YES;
				CLANG_WARN_OBJC_IMPLICIT_RETAIN_SELF = YES;
				CLANG_WARN_OBJC_LITERAL_CONVERSION = YES;
				CLANG_WARN_OBJC_ROOT_CLASS = YES_ERROR;
				CLANG_WARN_QUOTED_INCLUDE_IN_FRAMEWORK_HEADER = YES;
				CLANG_WARN_RANGE_LOOP_ANALYSIS = YES;
				CLANG_WARN_STRICT_PROTOTYPES = YES;
				CLANG_WARN_SUSPICIOUS_MOVE = YES;
				CLANG_WARN_UNGUARDED_AVAILABILITY = YES_AGGRESSIVE;
				CLANG_WARN_UNREACHABLE_CODE = YES;
				CLANG_WARN__DUPLICATE_METHOD_MATCH = YES;
				COPY_PHASE_STRIP = NO;
				DEBUG_INFORMATION_FORMAT = "dwarf-with-dsym";
				ENABLE_NS_ASSERTIONS = NO;
				ENABLE_STRICT_OBJC_MSGSEND = YES;
				GCC_C_LANGUAGE_STANDARD = gnu11;
				GCC_NO_COMMON_BLOCKS = YES;
				GCC_WARN_64_TO_32_BIT_CONVERSION = YES;
				GCC_WARN_ABOUT_RETURN_TYPE = YES_ERROR;
				GCC_WARN_UNDECLARED_SELECTOR = YES;
				GCC_WARN_UNINITIALIZED_AUTOS = YES_AGGRESSIVE;
				GCC_WARN_UNUSED_FUNCTION = YES;
				GCC_WARN_UNUSED_VARIABLE = YES;
				IPHONEOS_DEPLOYMENT_TARGET = 14.1;
				MTL_ENABLE_DEBUG_INFO = NO;
				MTL_FAST_MATH = YES;
				SDKROOT = iphoneos;
				SWIFT_COMPILATION_MODE = wholemodule;
				SWIFT_OPTIMIZATION_LEVEL = "-O";
				VALIDATE_PRODUCT = YES;
			};
			name = Release;
		};
		83CE1FE025D4D56700CA57A8 /* Debug */ = {
			isa = XCBuildConfiguration;
			buildSettings = {
				ASSETCATALOG_COMPILER_APPICON_NAME = AppIcon;
				ASSETCATALOG_COMPILER_GLOBAL_ACCENT_COLOR_NAME = AccentColor;
				CODE_SIGN_STYLE = Automatic;
				DEVELOPMENT_ASSET_PATHS = "\"WildSounds/Preview Content\"";
				DEVELOPMENT_TEAM = 8T79SY5AA9;
				ENABLE_PREVIEWS = YES;
				INFOPLIST_FILE = WildSounds/Info.plist;
				IPHONEOS_DEPLOYMENT_TARGET = 14.0;
				LD_RUNPATH_SEARCH_PATHS = (
					"$(inherited)",
					"@executable_path/Frameworks",
				);
				PRODUCT_BUNDLE_IDENTIFIER = vtstudio.ios.WildSounds;
				PRODUCT_NAME = "$(TARGET_NAME)";
				SWIFT_VERSION = 5.0;
				TARGETED_DEVICE_FAMILY = "1,2";
			};
			name = Debug;
		};
		83CE1FE125D4D56700CA57A8 /* Release */ = {
			isa = XCBuildConfiguration;
			buildSettings = {
				ASSETCATALOG_COMPILER_APPICON_NAME = AppIcon;
				ASSETCATALOG_COMPILER_GLOBAL_ACCENT_COLOR_NAME = AccentColor;
				CODE_SIGN_STYLE = Automatic;
				DEVELOPMENT_ASSET_PATHS = "\"WildSounds/Preview Content\"";
				DEVELOPMENT_TEAM = 8T79SY5AA9;
				ENABLE_PREVIEWS = YES;
				INFOPLIST_FILE = WildSounds/Info.plist;
				IPHONEOS_DEPLOYMENT_TARGET = 14.0;
				LD_RUNPATH_SEARCH_PATHS = (
					"$(inherited)",
					"@executable_path/Frameworks",
				);
				PRODUCT_BUNDLE_IDENTIFIER = vtstudio.ios.WildSounds;
				PRODUCT_NAME = "$(TARGET_NAME)";
				SWIFT_VERSION = 5.0;
				TARGETED_DEVICE_FAMILY = "1,2";
			};
			name = Release;
		};
/* End XCBuildConfiguration section */

/* Begin XCConfigurationList section */
		83CE1FCB25D4D56400CA57A8 /* Build configuration list for PBXProject "WildSounds" */ = {
			isa = XCConfigurationList;
			buildConfigurations = (
				83CE1FDD25D4D56700CA57A8 /* Debug */,
				83CE1FDE25D4D56700CA57A8 /* Release */,
			);
			defaultConfigurationIsVisible = 0;
			defaultConfigurationName = Release;
		};
		83CE1FDF25D4D56700CA57A8 /* Build configuration list for PBXNativeTarget "WildSounds" */ = {
			isa = XCConfigurationList;
			buildConfigurations = (
				83CE1FE025D4D56700CA57A8 /* Debug */,
				83CE1FE125D4D56700CA57A8 /* Release */,
			);
			defaultConfigurationIsVisible = 0;
			defaultConfigurationName = Release;
		};
/* End XCConfigurationList section */
	};
	rootObject = 83CE1FC825D4D56400CA57A8 /* Project object */;
}
